
Microsoft Visual Studio Solution File, Format Version 12.00
# Visual Studio 14
VisualStudioVersion = 14.0.25420.1
MinimumVisualStudioVersion = 10.0.40219.1
Project("{FAE04EC0-301F-11D3-BF4B-00C04F79EFBC}") = "BowlingGame", "BowlingGame\BowlingGame.csproj", "{F153320A-7CB0-4EE1-B30E-4895F6ED54F7}"
EndProject
Project("{FAE04EC0-301F-11D3-BF4B-00C04F79EFBC}") = "BowlingGameTest", "BowlingGameTest\BowlingGameTest.csproj", "{570994AF-D82A-40A0-9ED9-0376F5027096}"
	ProjectSection(ProjectDependencies) = postProject
		{F153320A-7CB0-4EE1-B30E-4895F6ED54F7} = {F153320A-7CB0-4EE1-B30E-4895F6ED54F7}
	EndProjectSection
EndProject
Global
	GlobalSection(SolutionConfigurationPlatforms) = preSolution
		Debug|Any CPU = Debug|Any CPU
		Release|Any CPU = Release|Any CPU
	EndGlobalSection
	GlobalSection(ProjectConfigurationPlatforms) = postSolution
		{F153320A-7CB0-4EE1-B30E-4895F6ED54F7}.Debug|Any CPU.ActiveCfg = Debug|Any CPU
		{F153320A-7CB0-4EE1-B30E-4895F6ED54F7}.Debug|Any CPU.Build.0 = Debug|Any CPU
		{F153320A-7CB0-4EE1-B30E-4895F6ED54F7}.Release|Any CPU.ActiveCfg = Release|Any CPU
		{F153320A-7CB0-4EE1-B30E-4895F6ED54F7}.Release|Any CPU.Build.0 = Release|Any CPU
		{570994AF-D82A-40A0-9ED9-0376F5027096}.Debug|Any CPU.ActiveCfg = Debug|Any CPU
		{570994AF-D82A-40A0-9ED9-0376F5027096}.Debug|Any CPU.Build.0 = Debug|Any CPU
		{570994AF-D82A-40A0-9ED9-0376F5027096}.Release|Any CPU.ActiveCfg = Release|Any CPU
		{570994AF-D82A-40A0-9ED9-0376F5027096}.Release|Any CPU.Build.0 = Release|Any CPU
	EndGlobalSection
	GlobalSection(SolutionProperties) = preSolution
		HideSolutionNode = FALSE
	EndGlobalSection
EndGlobal
